
Microsoft Visual Studio Solution File, Format Version 12.00
# Visual Studio 15
VisualStudioVersion = 15.0.26403.7
MinimumVisualStudioVersion = 10.0.40219.1
Project("{FAE04EC0-301F-11D3-BF4B-00C04F79EFBC}") = "PentaStagione.WebApi", "PentaStagione.WebApi\PentaStagione.WebApi.csproj", "{65CD5D69-578D-423F-88EB-634B6D5B3B14}"
EndProject
Project("{FAE04EC0-301F-11D3-BF4B-00C04F79EFBC}") = "PentaStagione.Services.Contracts", "PentaStagione.Services.Contracts\PentaStagione.Services.Contracts.csproj", "{2540E6D6-1999-4876-B7F9-2C03D7314B53}"
EndProject
Project("{FAE04EC0-301F-11D3-BF4B-00C04F79EFBC}") = "PentaStagione.Repository.Contracts", "PentaStagione.Repository.Contracts\PentaStagione.Repository.Contracts.csproj", "{A12CAED0-C4BD-44B3-8419-CBE11E16A112}"
EndProject
Project("{FAE04EC0-301F-11D3-BF4B-00C04F79EFBC}") = "PentaStagione.Domain", "PentaStagione.Domain\PentaStagione.Domain.csproj", "{7BB3FC1C-1C72-480A-9346-4D15610166F1}"
EndProject
Project("{FAE04EC0-301F-11D3-BF4B-00C04F79EFBC}") = "PentaStagione.Repository.SqlServer", "PentaStagione.Repository\PentaStagione.Repository.SqlServer.csproj", "{2F0F008B-677F-43B7-8BAF-09558B8B9E79}"
EndProject
Project("{FAE04EC0-301F-11D3-BF4B-00C04F79EFBC}") = "PentaStagione.Services", "PentaStagione.Services\PentaStagione.Services.csproj", "{86F89F11-3E6A-45A3-8944-A6FF4A5B7450}"
EndProject
Project("{FAE04EC0-301F-11D3-BF4B-00C04F79EFBC}") = "PentaStagione.Infrastructure", "PentaStagione.Infrastructure\PentaStagione.Infrastructure.csproj", "{9090CDDA-1367-4172-B71B-2D7830882EBC}"
EndProject
Global
	GlobalSection(SolutionConfigurationPlatforms) = preSolution
		Debug|Any CPU = Debug|Any CPU
		Release|Any CPU = Release|Any CPU
	EndGlobalSection
	GlobalSection(ProjectConfigurationPlatforms) = postSolution
		{65CD5D69-578D-423F-88EB-634B6D5B3B14}.Debug|Any CPU.ActiveCfg = Debug|Any CPU
		{65CD5D69-578D-423F-88EB-634B6D5B3B14}.Debug|Any CPU.Build.0 = Debug|Any CPU
		{65CD5D69-578D-423F-88EB-634B6D5B3B14}.Release|Any CPU.ActiveCfg = Release|Any CPU
		{65CD5D69-578D-423F-88EB-634B6D5B3B14}.Release|Any CPU.Build.0 = Release|Any CPU
		{2540E6D6-1999-4876-B7F9-2C03D7314B53}.Debug|Any CPU.ActiveCfg = Debug|Any CPU
		{2540E6D6-1999-4876-B7F9-2C03D7314B53}.Debug|Any CPU.Build.0 = Debug|Any CPU
		{2540E6D6-1999-4876-B7F9-2C03D7314B53}.Release|Any CPU.ActiveCfg = Release|Any CPU
		{2540E6D6-1999-4876-B7F9-2C03D7314B53}.Release|Any CPU.Build.0 = Release|Any CPU
		{A12CAED0-C4BD-44B3-8419-CBE11E16A112}.Debug|Any CPU.ActiveCfg = Debug|Any CPU
		{A12CAED0-C4BD-44B3-8419-CBE11E16A112}.Debug|Any CPU.Build.0 = Debug|Any CPU
		{A12CAED0-C4BD-44B3-8419-CBE11E16A112}.Release|Any CPU.ActiveCfg = Release|Any CPU
		{A12CAED0-C4BD-44B3-8419-CBE11E16A112}.Release|Any CPU.Build.0 = Release|Any CPU
		{7BB3FC1C-1C72-480A-9346-4D15610166F1}.Debug|Any CPU.ActiveCfg = Debug|Any CPU
		{7BB3FC1C-1C72-480A-9346-4D15610166F1}.Debug|Any CPU.Build.0 = Debug|Any CPU
		{7BB3FC1C-1C72-480A-9346-4D15610166F1}.Release|Any CPU.ActiveCfg = Release|Any CPU
		{7BB3FC1C-1C72-480A-9346-4D15610166F1}.Release|Any CPU.Build.0 = Release|Any CPU
		{2F0F008B-677F-43B7-8BAF-09558B8B9E79}.Debug|Any CPU.ActiveCfg = Debug|Any CPU
		{2F0F008B-677F-43B7-8BAF-09558B8B9E79}.Debug|Any CPU.Build.0 = Debug|Any CPU
		{2F0F008B-677F-43B7-8BAF-09558B8B9E79}.Release|Any CPU.ActiveCfg = Release|Any CPU
		{2F0F008B-677F-43B7-8BAF-09558B8B9E79}.Release|Any CPU.Build.0 = Release|Any CPU
		{86F89F11-3E6A-45A3-8944-A6FF4A5B7450}.Debug|Any CPU.ActiveCfg = Debug|Any CPU
		{86F89F11-3E6A-45A3-8944-A6FF4A5B7450}.Debug|Any CPU.Build.0 = Debug|Any CPU
		{86F89F11-3E6A-45A3-8944-A6FF4A5B7450}.Release|Any CPU.ActiveCfg = Release|Any CPU
		{86F89F11-3E6A-45A3-8944-A6FF4A5B7450}.Release|Any CPU.Build.0 = Release|Any CPU
		{9090CDDA-1367-4172-B71B-2D7830882EBC}.Debug|Any CPU.ActiveCfg = Debug|Any CPU
		{9090CDDA-1367-4172-B71B-2D7830882EBC}.Debug|Any CPU.Build.0 = Debug|Any CPU
		{9090CDDA-1367-4172-B71B-2D7830882EBC}.Release|Any CPU.ActiveCfg = Release|Any CPU
		{9090CDDA-1367-4172-B71B-2D7830882EBC}.Release|Any CPU.Build.0 = Release|Any CPU
	EndGlobalSection
	GlobalSection(SolutionProperties) = preSolution
		HideSolutionNode = FALSE
	EndGlobalSection
EndGlobal
